
Microsoft Visual Studio Solution File, Format Version 11.00
# Visual Studio 2010
Project("{FAE04EC0-301F-11D3-BF4B-00C04F79EFBC}") = "Assembly-CSharp", "Assembly-CSharp.csproj", "{d9bcc146-e6f2-aa52-5269-a9cdeeb650dd}"
EndProject
Project("{FAE04EC0-301F-11D3-BF4B-00C04F79EFBC}") = "Assembly-CSharp-firstpass", "Assembly-CSharp-firstpass.csproj", "{bade489d-6310-50b9-bee9-3c37128dc245}"
EndProject
Global
	GlobalSection(SolutionConfigurationPlatforms) = preSolution
		Debug|Any CPU = Debug|Any CPU
	EndGlobalSection
	GlobalSection(ProjectConfigurationPlatforms) = postSolution
		{d9bcc146-e6f2-aa52-5269-a9cdeeb650dd}.Debug|Any CPU.ActiveCfg = Debug|Any CPU
		{d9bcc146-e6f2-aa52-5269-a9cdeeb650dd}.Debug|Any CPU.Build.0 = Debug|Any CPU
		{bade489d-6310-50b9-bee9-3c37128dc245}.Debug|Any CPU.ActiveCfg = Debug|Any CPU
		{bade489d-6310-50b9-bee9-3c37128dc245}.Debug|Any CPU.Build.0 = Debug|Any CPU
	EndGlobalSection
	GlobalSection(SolutionProperties) = preSolution
		HideSolutionNode = FALSE
	EndGlobalSection
EndGlobal
